
Microsoft Visual Studio Solution File, Format Version 11.00
# Visual Studio 2010
Project("{FAE04EC0-301F-11D3-BF4B-00C04F79EFBC}") = "Othelis", "Othelis.csproj", "{A82EAD58-40D7-49BE-8F24-09FEA34F9E55}"
EndProject
Global
	GlobalSection(SolutionConfigurationPlatforms) = preSolution
		Debug|x86 = Debug|x86
		Release|x86 = Release|x86
	EndGlobalSection
	GlobalSection(ProjectConfigurationPlatforms) = postSolution
		{A82EAD58-40D7-49BE-8F24-09FEA34F9E55}.Debug|x86.ActiveCfg = Debug|Any CPU
		{A82EAD58-40D7-49BE-8F24-09FEA34F9E55}.Debug|x86.Build.0 = Debug|Any CPU
		{A82EAD58-40D7-49BE-8F24-09FEA34F9E55}.Release|x86.ActiveCfg = Release|Any CPU
		{A82EAD58-40D7-49BE-8F24-09FEA34F9E55}.Release|x86.Build.0 = Release|Any CPU
	EndGlobalSection
	GlobalSection(MonoDevelopProperties) = preSolution
		StartupItem = Othelis.csproj
	EndGlobalSection
EndGlobal
